
Microsoft Visual Studio Solution File, Format Version 12.00
Project("{FAE04EC0-301F-11D3-BF4B-00C04F79EFBC}") = "UK.Passport.Validation", "UK.Passport.Validation\UK.Passport.Validation.csproj", "{37C36D2A-734E-4FB7-9331-48FD407CBE1C}"
EndProject
Project("{FAE04EC0-301F-11D3-BF4B-00C04F79EFBC}") = "UK.Passport.Validation.Tests", "UK.Passport.Validation.Tests\UK.Passport.Validation.Tests.csproj", "{75CE3436-38E4-49DD-A077-19580349DF54}"
EndProject
Project("{FAE04EC0-301F-11D3-BF4B-00C04F79EFBC}") = "UK.Passport.Lambda", "UK.Passport.Lambda\UK.Passport.Lambda.csproj", "{BA9632ED-9F35-4D4F-9BAF-83C14F9BE099}"
EndProject
Project("{FAE04EC0-301F-11D3-BF4B-00C04F79EFBC}") = "UK.Passport.DTO", "UK.Passport.DTO\UK.Passport.DTO.csproj", "{5246BADB-5FD2-46B2-B116-AC5CF6778E88}"
EndProject
Project("{2150E333-8FDC-42A3-9474-1A3956D46DE8}") = "Solution Items", "Solution Items", "{EB02E14F-3988-43E1-A0EB-2D7355DF4BF2}"
ProjectSection(SolutionItems) = preProject
	template.yaml = template.yaml
	README.md = README.md
	.gitignore = .gitignore
EndProjectSection
EndProject
Project("{FAE04EC0-301F-11D3-BF4B-00C04F79EFBC}") = "UK.Passport.Web", "UK.Passport.Web\UK.Passport.Web.csproj", "{C127B2E0-BC81-4CB5-AA7E-F9F8184D3237}"
EndProject
Global
	GlobalSection(SolutionConfigurationPlatforms) = preSolution
		Debug|Any CPU = Debug|Any CPU
		Release|Any CPU = Release|Any CPU
	EndGlobalSection
	GlobalSection(ProjectConfigurationPlatforms) = postSolution
		{37C36D2A-734E-4FB7-9331-48FD407CBE1C}.Debug|Any CPU.ActiveCfg = Debug|Any CPU
		{37C36D2A-734E-4FB7-9331-48FD407CBE1C}.Debug|Any CPU.Build.0 = Debug|Any CPU
		{37C36D2A-734E-4FB7-9331-48FD407CBE1C}.Release|Any CPU.ActiveCfg = Release|Any CPU
		{37C36D2A-734E-4FB7-9331-48FD407CBE1C}.Release|Any CPU.Build.0 = Release|Any CPU
		{75CE3436-38E4-49DD-A077-19580349DF54}.Debug|Any CPU.ActiveCfg = Debug|Any CPU
		{75CE3436-38E4-49DD-A077-19580349DF54}.Debug|Any CPU.Build.0 = Debug|Any CPU
		{75CE3436-38E4-49DD-A077-19580349DF54}.Release|Any CPU.ActiveCfg = Release|Any CPU
		{75CE3436-38E4-49DD-A077-19580349DF54}.Release|Any CPU.Build.0 = Release|Any CPU
		{BA9632ED-9F35-4D4F-9BAF-83C14F9BE099}.Debug|Any CPU.ActiveCfg = Debug|Any CPU
		{BA9632ED-9F35-4D4F-9BAF-83C14F9BE099}.Debug|Any CPU.Build.0 = Debug|Any CPU
		{BA9632ED-9F35-4D4F-9BAF-83C14F9BE099}.Release|Any CPU.ActiveCfg = Release|Any CPU
		{BA9632ED-9F35-4D4F-9BAF-83C14F9BE099}.Release|Any CPU.Build.0 = Release|Any CPU
		{5246BADB-5FD2-46B2-B116-AC5CF6778E88}.Debug|Any CPU.ActiveCfg = Debug|Any CPU
		{5246BADB-5FD2-46B2-B116-AC5CF6778E88}.Debug|Any CPU.Build.0 = Debug|Any CPU
		{5246BADB-5FD2-46B2-B116-AC5CF6778E88}.Release|Any CPU.ActiveCfg = Release|Any CPU
		{5246BADB-5FD2-46B2-B116-AC5CF6778E88}.Release|Any CPU.Build.0 = Release|Any CPU
		{C127B2E0-BC81-4CB5-AA7E-F9F8184D3237}.Debug|Any CPU.ActiveCfg = Debug|Any CPU
		{C127B2E0-BC81-4CB5-AA7E-F9F8184D3237}.Debug|Any CPU.Build.0 = Debug|Any CPU
		{C127B2E0-BC81-4CB5-AA7E-F9F8184D3237}.Release|Any CPU.ActiveCfg = Release|Any CPU
		{C127B2E0-BC81-4CB5-AA7E-F9F8184D3237}.Release|Any CPU.Build.0 = Release|Any CPU
	EndGlobalSection
EndGlobal
