
Microsoft Visual Studio Solution File, Format Version 12.00
Project("{FAE04EC0-301F-11D3-BF4B-00C04F79EFBC}") = "UK.Passport.Validation", "UK.Passport.Validation\UK.Passport.Validation.csproj", "{37C36D2A-734E-4FB7-9331-48FD407CBE1C}"
EndProject
Project("{FAE04EC0-301F-11D3-BF4B-00C04F79EFBC}") = "UK.Passport.Validation.Tests", "UK.Passport.Validation.Tests\UK.Passport.Validation.Tests.csproj", "{75CE3436-38E4-49DD-A077-19580349DF54}"
EndProject
Project("{FAE04EC0-301F-11D3-BF4B-00C04F79EFBC}") = "UK.Passport.Lambda", "UK.Passport.Lambda\UK.Passport.Lambda.csproj", "{BA9632ED-9F35-4D4F-9BAF-83C14F9BE099}"
EndProject
Global
	GlobalSection(SolutionConfigurationPlatforms) = preSolution
		Debug|Any CPU = Debug|Any CPU
		Release|Any CPU = Release|Any CPU
	EndGlobalSection
	GlobalSection(ProjectConfigurationPlatforms) = postSolution
		{37C36D2A-734E-4FB7-9331-48FD407CBE1C}.Debug|Any CPU.ActiveCfg = Debug|Any CPU
		{37C36D2A-734E-4FB7-9331-48FD407CBE1C}.Debug|Any CPU.Build.0 = Debug|Any CPU
		{37C36D2A-734E-4FB7-9331-48FD407CBE1C}.Release|Any CPU.ActiveCfg = Release|Any CPU
		{37C36D2A-734E-4FB7-9331-48FD407CBE1C}.Release|Any CPU.Build.0 = Release|Any CPU
		{75CE3436-38E4-49DD-A077-19580349DF54}.Debug|Any CPU.ActiveCfg = Debug|Any CPU
		{75CE3436-38E4-49DD-A077-19580349DF54}.Debug|Any CPU.Build.0 = Debug|Any CPU
		{75CE3436-38E4-49DD-A077-19580349DF54}.Release|Any CPU.ActiveCfg = Release|Any CPU
		{75CE3436-38E4-49DD-A077-19580349DF54}.Release|Any CPU.Build.0 = Release|Any CPU
		{BA9632ED-9F35-4D4F-9BAF-83C14F9BE099}.Debug|Any CPU.ActiveCfg = Debug|Any CPU
		{BA9632ED-9F35-4D4F-9BAF-83C14F9BE099}.Debug|Any CPU.Build.0 = Debug|Any CPU
		{BA9632ED-9F35-4D4F-9BAF-83C14F9BE099}.Release|Any CPU.ActiveCfg = Release|Any CPU
		{BA9632ED-9F35-4D4F-9BAF-83C14F9BE099}.Release|Any CPU.Build.0 = Release|Any CPU
	EndGlobalSection
EndGlobal
